
Microsoft Visual Studio Solution File, Format Version 12.00
# Visual Studio 15
VisualStudioVersion = 15.0.28307.705
MinimumVisualStudioVersion = 10.0.40219.1
Project("{FAE04EC0-301F-11D3-BF4B-00C04F79EFBC}") = "MyShop.Core", "MyShop.Core\MyShop.Core.csproj", "{A28A3728-004A-488D-B754-31D01EACB22A}"
EndProject
Project("{FAE04EC0-301F-11D3-BF4B-00C04F79EFBC}") = "MyShop.Services", "MyShop.Services\MyShop.Services.csproj", "{C71A32EA-E1D5-4C01-899A-0E1626363294}"
EndProject
Project("{FAE04EC0-301F-11D3-BF4B-00C04F79EFBC}") = "MyShop.DataAccess.SQL", "MyShop.DataAccess.SQL\MyShop.DataAccess.SQL.csproj", "{9434FFC6-C7ED-4E0A-9A4E-55A3FB627882}"
EndProject
Project("{FAE04EC0-301F-11D3-BF4B-00C04F79EFBC}") = "MyShop.DataAccess.InMemory", "MyShop.DataAccess.InMemory\MyShop.DataAccess.InMemory.csproj", "{7B058CA8-9595-4C13-9410-106BCEA0D34C}"
EndProject
Project("{FAE04EC0-301F-11D3-BF4B-00C04F79EFBC}") = "MyShop.WebUI", "MyShop.WebUI\MyShop.WebUI.csproj", "{2E6A9EE2-0097-47AC-B2EF-EED879AD3428}"
EndProject
Project("{FAE04EC0-301F-11D3-BF4B-00C04F79EFBC}") = "MyShop.WebUI.Tests", "MyShop.WebUI.Tests\MyShop.WebUI.Tests.csproj", "{016220DE-6B48-449E-8A35-86294F1FDA02}"
EndProject
Global
	GlobalSection(SolutionConfigurationPlatforms) = preSolution
		Debug|Any CPU = Debug|Any CPU
		Release|Any CPU = Release|Any CPU
	EndGlobalSection
	GlobalSection(ProjectConfigurationPlatforms) = postSolution
		{A28A3728-004A-488D-B754-31D01EACB22A}.Debug|Any CPU.ActiveCfg = Debug|Any CPU
		{A28A3728-004A-488D-B754-31D01EACB22A}.Debug|Any CPU.Build.0 = Debug|Any CPU
		{A28A3728-004A-488D-B754-31D01EACB22A}.Release|Any CPU.ActiveCfg = Release|Any CPU
		{A28A3728-004A-488D-B754-31D01EACB22A}.Release|Any CPU.Build.0 = Release|Any CPU
		{C71A32EA-E1D5-4C01-899A-0E1626363294}.Debug|Any CPU.ActiveCfg = Debug|Any CPU
		{C71A32EA-E1D5-4C01-899A-0E1626363294}.Debug|Any CPU.Build.0 = Debug|Any CPU
		{C71A32EA-E1D5-4C01-899A-0E1626363294}.Release|Any CPU.ActiveCfg = Release|Any CPU
		{C71A32EA-E1D5-4C01-899A-0E1626363294}.Release|Any CPU.Build.0 = Release|Any CPU
		{9434FFC6-C7ED-4E0A-9A4E-55A3FB627882}.Debug|Any CPU.ActiveCfg = Debug|Any CPU
		{9434FFC6-C7ED-4E0A-9A4E-55A3FB627882}.Debug|Any CPU.Build.0 = Debug|Any CPU
		{9434FFC6-C7ED-4E0A-9A4E-55A3FB627882}.Release|Any CPU.ActiveCfg = Release|Any CPU
		{9434FFC6-C7ED-4E0A-9A4E-55A3FB627882}.Release|Any CPU.Build.0 = Release|Any CPU
		{7B058CA8-9595-4C13-9410-106BCEA0D34C}.Debug|Any CPU.ActiveCfg = Debug|Any CPU
		{7B058CA8-9595-4C13-9410-106BCEA0D34C}.Debug|Any CPU.Build.0 = Debug|Any CPU
		{7B058CA8-9595-4C13-9410-106BCEA0D34C}.Release|Any CPU.ActiveCfg = Release|Any CPU
		{7B058CA8-9595-4C13-9410-106BCEA0D34C}.Release|Any CPU.Build.0 = Release|Any CPU
		{2E6A9EE2-0097-47AC-B2EF-EED879AD3428}.Debug|Any CPU.ActiveCfg = Debug|Any CPU
		{2E6A9EE2-0097-47AC-B2EF-EED879AD3428}.Debug|Any CPU.Build.0 = Debug|Any CPU
		{2E6A9EE2-0097-47AC-B2EF-EED879AD3428}.Release|Any CPU.ActiveCfg = Release|Any CPU
		{2E6A9EE2-0097-47AC-B2EF-EED879AD3428}.Release|Any CPU.Build.0 = Release|Any CPU
		{016220DE-6B48-449E-8A35-86294F1FDA02}.Debug|Any CPU.ActiveCfg = Debug|Any CPU
		{016220DE-6B48-449E-8A35-86294F1FDA02}.Debug|Any CPU.Build.0 = Debug|Any CPU
		{016220DE-6B48-449E-8A35-86294F1FDA02}.Release|Any CPU.ActiveCfg = Release|Any CPU
		{016220DE-6B48-449E-8A35-86294F1FDA02}.Release|Any CPU.Build.0 = Release|Any CPU
	EndGlobalSection
	GlobalSection(SolutionProperties) = preSolution
		HideSolutionNode = FALSE
	EndGlobalSection
	GlobalSection(ExtensibilityGlobals) = postSolution
		SolutionGuid = {00FFD80D-19A1-446C-9839-61C2CB6EA382}
	EndGlobalSection
EndGlobal
